
Microsoft Visual Studio Solution File, Format Version 12.00
# Visual Studio Version 17
VisualStudioVersion = 17.1.32407.343
MinimumVisualStudioVersion = 10.0.40219.1
Project("{9A19103F-16F7-4668-BE54-9A1E7A4F7556}") = "bcz-godot", "bcz-godot.csproj", "{D00AD443-B029-43FF-A371-CDBBA727BCCC}"
EndProject
Project("{9A19103F-16F7-4668-BE54-9A1E7A4F7556}") = "BCZ.Core", "..\core\BCZ.Core\BCZ.Core.csproj", "{B5895AF2-95E5-45D0-AFA3-C4C87CB687DF}"
EndProject
Project("{9A19103F-16F7-4668-BE54-9A1E7A4F7556}") = "BCZ.CoreTests", "..\core\BCZ.CoreTests\BCZ.CoreTests.csproj", "{948D6672-68E1-4D4D-8677-A427F847503A}"
EndProject
Project("{2150E333-8FDC-42A3-9474-1A3956D46DE8}") = "Solution Items", "Solution Items", "{5D28DF95-F64E-45B3-9C84-45B16904A56D}"
	ProjectSection(SolutionItems) = preProject
		..\.editorconfig = ..\.editorconfig
	EndProjectSection
EndProject
Global
	GlobalSection(SolutionConfigurationPlatforms) = preSolution
		Debug|Any CPU = Debug|Any CPU
		ExportDebug|Any CPU = ExportDebug|Any CPU
		ExportRelease|Any CPU = ExportRelease|Any CPU
		Release|Any CPU = Release|Any CPU
	EndGlobalSection
	GlobalSection(ProjectConfigurationPlatforms) = postSolution
		{D00AD443-B029-43FF-A371-CDBBA727BCCC}.Debug|Any CPU.ActiveCfg = Debug|Any CPU
		{D00AD443-B029-43FF-A371-CDBBA727BCCC}.Debug|Any CPU.Build.0 = Debug|Any CPU
		{D00AD443-B029-43FF-A371-CDBBA727BCCC}.ExportDebug|Any CPU.ActiveCfg = ExportDebug|Any CPU
		{D00AD443-B029-43FF-A371-CDBBA727BCCC}.ExportDebug|Any CPU.Build.0 = ExportDebug|Any CPU
		{D00AD443-B029-43FF-A371-CDBBA727BCCC}.ExportRelease|Any CPU.ActiveCfg = ExportRelease|Any CPU
		{D00AD443-B029-43FF-A371-CDBBA727BCCC}.ExportRelease|Any CPU.Build.0 = ExportRelease|Any CPU
		{D00AD443-B029-43FF-A371-CDBBA727BCCC}.Release|Any CPU.ActiveCfg = ExportRelease|Any CPU
		{D00AD443-B029-43FF-A371-CDBBA727BCCC}.Release|Any CPU.Build.0 = ExportRelease|Any CPU
		{B5895AF2-95E5-45D0-AFA3-C4C87CB687DF}.Debug|Any CPU.ActiveCfg = Debug|Any CPU
		{B5895AF2-95E5-45D0-AFA3-C4C87CB687DF}.Debug|Any CPU.Build.0 = Debug|Any CPU
		{B5895AF2-95E5-45D0-AFA3-C4C87CB687DF}.ExportDebug|Any CPU.ActiveCfg = Debug|Any CPU
		{B5895AF2-95E5-45D0-AFA3-C4C87CB687DF}.ExportDebug|Any CPU.Build.0 = Debug|Any CPU
		{B5895AF2-95E5-45D0-AFA3-C4C87CB687DF}.ExportRelease|Any CPU.ActiveCfg = Release|Any CPU
		{B5895AF2-95E5-45D0-AFA3-C4C87CB687DF}.ExportRelease|Any CPU.Build.0 = Release|Any CPU
		{B5895AF2-95E5-45D0-AFA3-C4C87CB687DF}.Release|Any CPU.ActiveCfg = Release|Any CPU
		{B5895AF2-95E5-45D0-AFA3-C4C87CB687DF}.Release|Any CPU.Build.0 = Release|Any CPU
		{948D6672-68E1-4D4D-8677-A427F847503A}.Debug|Any CPU.ActiveCfg = Debug|Any CPU
		{948D6672-68E1-4D4D-8677-A427F847503A}.Debug|Any CPU.Build.0 = Debug|Any CPU
		{948D6672-68E1-4D4D-8677-A427F847503A}.ExportDebug|Any CPU.ActiveCfg = Debug|Any CPU
		{948D6672-68E1-4D4D-8677-A427F847503A}.ExportDebug|Any CPU.Build.0 = Debug|Any CPU
		{948D6672-68E1-4D4D-8677-A427F847503A}.ExportRelease|Any CPU.ActiveCfg = Release|Any CPU
		{948D6672-68E1-4D4D-8677-A427F847503A}.ExportRelease|Any CPU.Build.0 = Release|Any CPU
		{948D6672-68E1-4D4D-8677-A427F847503A}.Release|Any CPU.ActiveCfg = Release|Any CPU
		{948D6672-68E1-4D4D-8677-A427F847503A}.Release|Any CPU.Build.0 = Release|Any CPU
	EndGlobalSection
	GlobalSection(SolutionProperties) = preSolution
		HideSolutionNode = FALSE
	EndGlobalSection
	GlobalSection(ExtensibilityGlobals) = postSolution
		SolutionGuid = {B60BF32A-AA4F-4A4B-86A6-56563047661E}
	EndGlobalSection
EndGlobal
