
Microsoft Visual Studio Solution File, Format Version 12.00
# Visual Studio Version 17
VisualStudioVersion = 17.5.33516.290
MinimumVisualStudioVersion = 10.0.40219.1
Project("{9A19103F-16F7-4668-BE54-9A1E7A4F7556}") = "BCZ.Server", "..\..\server\BCZ.Server\BCZ.Server.csproj", "{F02FC545-5681-4238-950D-24C73B82E44E}"
EndProject
Project("{9A19103F-16F7-4668-BE54-9A1E7A4F7556}") = "BCZ.Core", "..\core\BCZ.Core\BCZ.Core.csproj", "{C67A838F-FAD0-44FD-BACC-5B466FCA5F66}"
EndProject
Project("{9A19103F-16F7-4668-BE54-9A1E7A4F7556}") = "BCZ.CoreTests", "..\core\BCZ.CoreTests\BCZ.CoreTests.csproj", "{5E22149F-4A13-4908-8F68-BA8F4DE729FE}"
EndProject
Project("{9A19103F-16F7-4668-BE54-9A1E7A4F7556}") = "bcz-godot", "bcz-godot.csproj", "{944758BB-2333-49B3-BEBD-61954482FF19}"
EndProject
Project("{FAE04EC0-301F-11D3-BF4B-00C04F79EFBC}") = "Taqo", "..\..\server\Taqo\Taqo.csproj", "{093F9FEB-28DF-424A-89EF-78D18589EA66}"
EndProject
Global
	GlobalSection(SolutionConfigurationPlatforms) = preSolution
		Debug|Any CPU = Debug|Any CPU
		ExportDebug|Any CPU = ExportDebug|Any CPU
		ExportRelease|Any CPU = ExportRelease|Any CPU
		Release|Any CPU = Release|Any CPU
	EndGlobalSection
	GlobalSection(ProjectConfigurationPlatforms) = postSolution
		{F02FC545-5681-4238-950D-24C73B82E44E}.Debug|Any CPU.ActiveCfg = Debug|Any CPU
		{F02FC545-5681-4238-950D-24C73B82E44E}.Debug|Any CPU.Build.0 = Debug|Any CPU
		{F02FC545-5681-4238-950D-24C73B82E44E}.ExportDebug|Any CPU.ActiveCfg = Debug|Any CPU
		{F02FC545-5681-4238-950D-24C73B82E44E}.ExportDebug|Any CPU.Build.0 = Debug|Any CPU
		{F02FC545-5681-4238-950D-24C73B82E44E}.ExportRelease|Any CPU.ActiveCfg = Release|Any CPU
		{F02FC545-5681-4238-950D-24C73B82E44E}.ExportRelease|Any CPU.Build.0 = Release|Any CPU
		{F02FC545-5681-4238-950D-24C73B82E44E}.Release|Any CPU.ActiveCfg = Release|Any CPU
		{F02FC545-5681-4238-950D-24C73B82E44E}.Release|Any CPU.Build.0 = Release|Any CPU
		{C67A838F-FAD0-44FD-BACC-5B466FCA5F66}.Debug|Any CPU.ActiveCfg = Debug|Any CPU
		{C67A838F-FAD0-44FD-BACC-5B466FCA5F66}.Debug|Any CPU.Build.0 = Debug|Any CPU
		{C67A838F-FAD0-44FD-BACC-5B466FCA5F66}.ExportDebug|Any CPU.ActiveCfg = Debug|Any CPU
		{C67A838F-FAD0-44FD-BACC-5B466FCA5F66}.ExportDebug|Any CPU.Build.0 = Debug|Any CPU
		{C67A838F-FAD0-44FD-BACC-5B466FCA5F66}.ExportRelease|Any CPU.ActiveCfg = Release|Any CPU
		{C67A838F-FAD0-44FD-BACC-5B466FCA5F66}.ExportRelease|Any CPU.Build.0 = Release|Any CPU
		{C67A838F-FAD0-44FD-BACC-5B466FCA5F66}.Release|Any CPU.ActiveCfg = Release|Any CPU
		{C67A838F-FAD0-44FD-BACC-5B466FCA5F66}.Release|Any CPU.Build.0 = Release|Any CPU
		{5E22149F-4A13-4908-8F68-BA8F4DE729FE}.Debug|Any CPU.ActiveCfg = Debug|Any CPU
		{5E22149F-4A13-4908-8F68-BA8F4DE729FE}.Debug|Any CPU.Build.0 = Debug|Any CPU
		{5E22149F-4A13-4908-8F68-BA8F4DE729FE}.ExportDebug|Any CPU.ActiveCfg = Debug|Any CPU
		{5E22149F-4A13-4908-8F68-BA8F4DE729FE}.ExportDebug|Any CPU.Build.0 = Debug|Any CPU
		{5E22149F-4A13-4908-8F68-BA8F4DE729FE}.ExportRelease|Any CPU.ActiveCfg = Release|Any CPU
		{5E22149F-4A13-4908-8F68-BA8F4DE729FE}.ExportRelease|Any CPU.Build.0 = Release|Any CPU
		{5E22149F-4A13-4908-8F68-BA8F4DE729FE}.Release|Any CPU.ActiveCfg = Release|Any CPU
		{5E22149F-4A13-4908-8F68-BA8F4DE729FE}.Release|Any CPU.Build.0 = Release|Any CPU
		{944758BB-2333-49B3-BEBD-61954482FF19}.Debug|Any CPU.ActiveCfg = Debug|Any CPU
		{944758BB-2333-49B3-BEBD-61954482FF19}.Debug|Any CPU.Build.0 = Debug|Any CPU
		{944758BB-2333-49B3-BEBD-61954482FF19}.ExportDebug|Any CPU.ActiveCfg = ExportDebug|Any CPU
		{944758BB-2333-49B3-BEBD-61954482FF19}.ExportDebug|Any CPU.Build.0 = ExportDebug|Any CPU
		{944758BB-2333-49B3-BEBD-61954482FF19}.ExportRelease|Any CPU.ActiveCfg = ExportRelease|Any CPU
		{944758BB-2333-49B3-BEBD-61954482FF19}.ExportRelease|Any CPU.Build.0 = ExportRelease|Any CPU
		{944758BB-2333-49B3-BEBD-61954482FF19}.Release|Any CPU.ActiveCfg = ExportRelease|Any CPU
		{944758BB-2333-49B3-BEBD-61954482FF19}.Release|Any CPU.Build.0 = ExportRelease|Any CPU
		{093F9FEB-28DF-424A-89EF-78D18589EA66}.Debug|Any CPU.ActiveCfg = Debug|Any CPU
		{093F9FEB-28DF-424A-89EF-78D18589EA66}.Debug|Any CPU.Build.0 = Debug|Any CPU
		{093F9FEB-28DF-424A-89EF-78D18589EA66}.ExportDebug|Any CPU.ActiveCfg = Debug|Any CPU
		{093F9FEB-28DF-424A-89EF-78D18589EA66}.ExportDebug|Any CPU.Build.0 = Debug|Any CPU
		{093F9FEB-28DF-424A-89EF-78D18589EA66}.ExportRelease|Any CPU.ActiveCfg = Release|Any CPU
		{093F9FEB-28DF-424A-89EF-78D18589EA66}.ExportRelease|Any CPU.Build.0 = Release|Any CPU
		{093F9FEB-28DF-424A-89EF-78D18589EA66}.Release|Any CPU.ActiveCfg = Release|Any CPU
		{093F9FEB-28DF-424A-89EF-78D18589EA66}.Release|Any CPU.Build.0 = Release|Any CPU
	EndGlobalSection
	GlobalSection(SolutionProperties) = preSolution
		HideSolutionNode = FALSE
	EndGlobalSection
	GlobalSection(ExtensibilityGlobals) = postSolution
		SolutionGuid = {2FFA211D-E65E-401C-8836-6CEC6D10A1E0}
	EndGlobalSection
EndGlobal
